
Microsoft Visual Studio Solution File, Format Version 12.00
# Visual Studio Version 17
VisualStudioVersion = 17.3.32804.467
MinimumVisualStudioVersion = 10.0.40219.1
Project("{9A19103F-16F7-4668-BE54-9A1E7A4F7556}") = "SensorsWPF", "SensorsWPF\SensorsWPF.csproj", "{1DB00C21-FD41-4852-8586-EE58C82D76BF}"
EndProject
Project("{2150E333-8FDC-42A3-9474-1A3956D46DE8}") = "Solution Items", "Solution Items", "{EA9C0AFF-2B0B-4452-A8D9-0526D476B6CD}"
	ProjectSection(SolutionItems) = preProject
		.editorconfig = .editorconfig
	EndProjectSection
EndProject
Global
	GlobalSection(SolutionConfigurationPlatforms) = preSolution
		Debug|Any CPU = Debug|Any CPU
		Release|Any CPU = Release|Any CPU
	EndGlobalSection
	GlobalSection(ProjectConfigurationPlatforms) = postSolution
		{1DB00C21-FD41-4852-8586-EE58C82D76BF}.Debug|Any CPU.ActiveCfg = Debug|Any CPU
		{1DB00C21-FD41-4852-8586-EE58C82D76BF}.Debug|Any CPU.Build.0 = Debug|Any CPU
		{1DB00C21-FD41-4852-8586-EE58C82D76BF}.Release|Any CPU.ActiveCfg = Release|Any CPU
		{1DB00C21-FD41-4852-8586-EE58C82D76BF}.Release|Any CPU.Build.0 = Release|Any CPU
	EndGlobalSection
	GlobalSection(SolutionProperties) = preSolution
		HideSolutionNode = FALSE
	EndGlobalSection
	GlobalSection(ExtensibilityGlobals) = postSolution
		SolutionGuid = {93842320-38C8-4A6F-A46C-4C95369514DF}
	EndGlobalSection
EndGlobal
